
Microsoft Visual Studio Solution File, Format Version 12.00
# Visual Studio Version 17
VisualStudioVersion = 17.6.33723.286
MinimumVisualStudioVersion = 10.0.40219.1
Project("{FAE04EC0-301F-11D3-BF4B-00C04F79EFBC}") = "ProjectLab.Cellular", "ProjectLab.Cellular\ProjectLab.Cellular.csproj", "{564DF6E2-F80A-4A1B-8E93-86F9FDDD1DCA}"
EndProject
Global
	GlobalSection(SolutionConfigurationPlatforms) = preSolution
		Debug|Any CPU = Debug|Any CPU
		Release|Any CPU = Release|Any CPU
	EndGlobalSection
	GlobalSection(ProjectConfigurationPlatforms) = postSolution
		{564DF6E2-F80A-4A1B-8E93-86F9FDDD1DCA}.Debug|Any CPU.ActiveCfg = Debug|Any CPU
		{564DF6E2-F80A-4A1B-8E93-86F9FDDD1DCA}.Debug|Any CPU.Build.0 = Debug|Any CPU
		{564DF6E2-F80A-4A1B-8E93-86F9FDDD1DCA}.Debug|Any CPU.Deploy.0 = Debug|Any CPU
		{564DF6E2-F80A-4A1B-8E93-86F9FDDD1DCA}.Release|Any CPU.ActiveCfg = Release|Any CPU
		{564DF6E2-F80A-4A1B-8E93-86F9FDDD1DCA}.Release|Any CPU.Build.0 = Release|Any CPU
		{564DF6E2-F80A-4A1B-8E93-86F9FDDD1DCA}.Release|Any CPU.Deploy.0 = Release|Any CPU
	EndGlobalSection
	GlobalSection(SolutionProperties) = preSolution
		HideSolutionNode = FALSE
	EndGlobalSection
	GlobalSection(ExtensibilityGlobals) = postSolution
		SolutionGuid = {2044CA5C-F86D-4F17-B6DC-5594D1F8F1D5}
	EndGlobalSection
EndGlobal
